
Microsoft Visual Studio Solution File, Format Version 12.00
# Visual Studio Version 17
VisualStudioVersion = 17.0.31919.166
MinimumVisualStudioVersion = 10.0.40219.1
Project("{FAE04EC0-301F-11D3-BF4B-00C04F79EFBC}") = "dr", "dr\dr.csproj", "{4569706B-2B03-479B-9809-57998CB72FFD}"
EndProject
Global
	GlobalSection(SolutionConfigurationPlatforms) = preSolution
		Debug|Any CPU = Debug|Any CPU
		Release|Any CPU = Release|Any CPU
	EndGlobalSection
	GlobalSection(ProjectConfigurationPlatforms) = postSolution
		{4569706B-2B03-479B-9809-57998CB72FFD}.Debug|Any CPU.ActiveCfg = Debug|Any CPU
		{4569706B-2B03-479B-9809-57998CB72FFD}.Debug|Any CPU.Build.0 = Debug|Any CPU
		{4569706B-2B03-479B-9809-57998CB72FFD}.Release|Any CPU.ActiveCfg = Release|Any CPU
		{4569706B-2B03-479B-9809-57998CB72FFD}.Release|Any CPU.Build.0 = Release|Any CPU
	EndGlobalSection
	GlobalSection(SolutionProperties) = preSolution
		HideSolutionNode = FALSE
	EndGlobalSection
	GlobalSection(ExtensibilityGlobals) = postSolution
		SolutionGuid = {84F2ED62-6571-46D9-BED5-5BA0731EC1AA}
	EndGlobalSection
EndGlobal
